github.com/thorstenrie/lpstats v1.3.0 h1:IvE18r31oehiRptQEhr597lBLNP0/F4qUevF8h0vB0s=
github.com/thorstenrie/lpstats v1.3.0/go.mod h1:wuc8IgXBq/M8CUS8I1cC0ZI9FlYz6BUU9tuC1JRtk40=
github.com/thorstenrie/tserr v1.11.0 h1:0TYDsg5nSZMWinjSUY5wG3RM+G5zK5u71kW5bmstb+U=
github.com/thorstenrie/tserr v1.11.0/go.mod h1:8kiMcslns2DRdKLkLkp8MTb910lmtd9uPsElyILdkjA=
github.com/thorstenrie/tsfio v1.4.0 h1:akcPv8zo9UekG6YjA7toLIHl4VXfXcXTUNH66MOpbYs=
github.com/thorstenrie/tsfio v1.4.0/go.mod h1:Iau1Xwyin9qeGeJNdLZBlq5xIocTJqubvyFExscJkHA=
