github.com/thorstenrie/tserr v1.12.0 h1:Ia1M37Rb7ehB+LCQa78jcuRveQfYSFXvP2kVr8F4VNs=
github.com/thorstenrie/tserr v1.12.0/go.mod h1:8kiMcslns2DRdKLkLkp8MTb910lmtd9uPsElyILdkjA=
github.com/thorstenrie/tsfio v1.4.0 h1:akcPv8zo9UekG6YjA7toLIHl4VXfXcXTUNH66MOpbYs=
github.com/thorstenrie/tsfio v1.4.0/go.mod h1:Iau1Xwyin9qeGeJNdLZBlq5xIocTJqubvyFExscJkHA=
